// !$*UTF8*$!
{
	archiveVersion = 1;
	classes = {
	};
	objectVersion = 55;
	objects = {

/* Begin PBXBuildFile section */
		F858A08027732E0300D8DB97 /* AppDelegate.swift in Sources */ = {isa = PBXBuildFile; fileRef = F858A07F27732E0300D8DB97 /* AppDelegate.swift */; };
		F858A08227732E0300D8DB97 /* SceneDelegate.swift in Sources */ = {isa = PBXBuildFile; fileRef = F858A08127732E0300D8DB97 /* SceneDelegate.swift */; };
		F858A08427732E0300D8DB97 /* ViewController.swift in Sources */ = {isa = PBXBuildFile; fileRef = F858A08327732E0300D8DB97 /* ViewController.swift */; };
		F858A08727732E0300D8DB97 /* Main.storyboard in Resources */ = {isa = PBXBuildFile; fileRef = F858A08527732E0300D8DB97 /* Main.storyboard */; };
		F858A08A27732E0300D8DB97 /* Xylophone.xcdatamodeld in Sources */ = {isa = PBXBuildFile; fileRef = F858A08827732E0300D8DB97 /* Xylophone.xcdatamodeld */; };
		F858A08C27732E0600D8DB97 /* Assets.xcassets in Resources */ = {isa = PBXBuildFile; fileRef = F858A08B27732E0600D8DB97 /* Assets.xcassets */; };
		F858A08F27732E0600D8DB97 /* LaunchScreen.storyboard in Resources */ = {isa = PBXBuildFile; fileRef = F858A08D27732E0600D8DB97 /* LaunchScreen.storyboard */; };
		F858A09A27732E0600D8DB97 /* XylophoneTests.swift in Sources */ = {isa = PBXBuildFile; fileRef = F858A09927732E0600D8DB97 /* XylophoneTests.swift */; };
		F858A0A427732E0600D8DB97 /* XylophoneUITests.swift in Sources */ = {isa = PBXBuildFile; fileRef = F858A0A327732E0600D8DB97 /* XylophoneUITests.swift */; };
		F858A0A627732E0600D8DB97 /* XylophoneUITestsLaunchTests.swift in Sources */ = {isa = PBXBuildFile; fileRef = F858A0A527732E0600D8DB97 /* XylophoneUITestsLaunchTests.swift */; };
		F858A0BD27733ACD00D8DB97 /* D.wav in Resources */ = {isa = PBXBuildFile; fileRef = F858A0B627733ACD00D8DB97 /* D.wav */; };
		F858A0BE27733ACD00D8DB97 /* F.wav in Resources */ = {isa = PBXBuildFile; fileRef = F858A0B727733ACD00D8DB97 /* F.wav */; };
		F858A0BF27733ACD00D8DB97 /* A.wav in Resources */ = {isa = PBXBuildFile; fileRef = F858A0B827733ACD00D8DB97 /* A.wav */; };
		F858A0C027733ACD00D8DB97 /* B.wav in Resources */ = {isa = PBXBuildFile; fileRef = F858A0B927733ACD00D8DB97 /* B.wav */; };
		F858A0C127733ACD00D8DB97 /* G.wav in Resources */ = {isa = PBXBuildFile; fileRef = F858A0BA27733ACD00D8DB97 /* G.wav */; };
		F858A0C227733ACD00D8DB97 /* C.wav in Resources */ = {isa = PBXBuildFile; fileRef = F858A0BB27733ACD00D8DB97 /* C.wav */; };
		F858A0C327733ACD00D8DB97 /* E.wav in Resources */ = {isa = PBXBuildFile; fileRef = F858A0BC27733ACD00D8DB97 /* E.wav */; };
/* End PBXBuildFile section */

/* Begin PBXContainerItemProxy section */
		F858A09627732E0600D8DB97 /* PBXContainerItemProxy */ = {
			isa = PBXContainerItemProxy;
			containerPortal = F858A07427732E0300D8DB97 /* Project object */;
			proxyType = 1;
			remoteGlobalIDString = F858A07B27732E0300D8DB97;
			remoteInfo = Xylophone;
		};
		F858A0A027732E0600D8DB97 /* PBXContainerItemProxy */ = {
			isa = PBXContainerItemProxy;
			containerPortal = F858A07427732E0300D8DB97 /* Project object */;
			proxyType = 1;
			remoteGlobalIDString = F858A07B27732E0300D8DB97;
			remoteInfo = Xylophone;
		};
/* End PBXContainerItemProxy section */

/* Begin PBXFileReference section */
		F858A07C27732E0300D8DB97 /* Xylophone.app */ = {isa = PBXFileReference; explicitFileType = wrapper.application; includeInIndex = 0; path = Xylophone.app; sourceTree = BUILT_PRODUCTS_DIR; };
		F858A07F27732E0300D8DB97 /* AppDelegate.swift */ = {isa = PBXFileReference; lastKnownFileType = sourcecode.swift; path = AppDelegate.swift; sourceTree = "<group>"; };
		F858A08127732E0300D8DB97 /* SceneDelegate.swift */ = {isa = PBXFileReference; lastKnownFileType = sourcecode.swift; path = SceneDelegate.swift; sourceTree = "<group>"; };
		F858A08327732E0300D8DB97 /* ViewController.swift */ = {isa = PBXFileReference; lastKnownFileType = sourcecode.swift; path = ViewController.swift; sourceTree = "<group>"; };
		F858A08627732E0300D8DB97 /* Base */ = {isa = PBXFileReference; lastKnownFileType = file.storyboard; name = Base; path = Base.lproj/Main.storyboard; sourceTree = "<group>"; };
		F858A08927732E0300D8DB97 /* Xylophone.xcdatamodel */ = {isa = PBXFileReference; lastKnownFileType = wrapper.xcdatamodel; path = Xylophone.xcdatamodel; sourceTree = "<group>"; };
		F858A08B27732E0600D8DB97 /* Assets.xcassets */ = {isa = PBXFileReference; lastKnownFileType = folder.assetcatalog; path = Assets.xcassets; sourceTree = "<group>"; };
		F858A08E27732E0600D8DB97 /* Base */ = {isa = PBXFileReference; lastKnownFileType = file.storyboard; name = Base; path = Base.lproj/LaunchScreen.storyboard; sourceTree = "<group>"; };
		F858A09027732E0600D8DB97 /* Info.plist */ = {isa = PBXFileReference; lastKnownFileType = text.plist.xml; path = Info.plist; sourceTree = "<group>"; };
		F858A09527732E0600D8DB97 /* XylophoneTests.xctest */ = {isa = PBXFileReference; explicitFileType = wrapper.cfbundle; includeInIndex = 0; path = XylophoneTests.xctest; sourceTree = BUILT_PRODUCTS_DIR; };
		F858A09927732E0600D8DB97 /* XylophoneTests.swift */ = {isa = PBXFileReference; lastKnownFileType = sourcecode.swift; path = XylophoneTests.swift; sourceTree = "<group>"; };
		F858A09F27732E0600D8DB97 /* XylophoneUITests.xctest */ = {isa = PBXFileReference; explicitFileType = wrapper.cfbundle; includeInIndex = 0; path = XylophoneUITests.xctest; sourceTree = BUILT_PRODUCTS_DIR; };
		F858A0A327732E0600D8DB97 /* XylophoneUITests.swift */ = {isa = PBXFileReference; lastKnownFileType = sourcecode.swift; path = XylophoneUITests.swift; sourceTree = "<group>"; };
		F858A0A527732E0600D8DB97 /* XylophoneUITestsLaunchTests.swift */ = {isa = PBXFileReference; lastKnownFileType = sourcecode.swift; path = XylophoneUITestsLaunchTests.swift; sourceTree = "<group>"; };
		F858A0B627733ACD00D8DB97 /* D.wav */ = {isa = PBXFileReference; lastKnownFileType = audio.wav; path = D.wav; sourceTree = "<group>"; };
		F858A0B727733ACD00D8DB97 /* F.wav */ = {isa = PBXFileReference; lastKnownFileType = audio.wav; path = F.wav; sourceTree = "<group>"; };
		F858A0B827733ACD00D8DB97 /* A.wav */ = {isa = PBXFileReference; lastKnownFileType = audio.wav; path = A.wav; sourceTree = "<group>"; };
		F858A0B927733ACD00D8DB97 /* B.wav */ = {isa = PBXFileReference; lastKnownFileType = audio.wav; path = B.wav; sourceTree = "<group>"; };
		F858A0BA27733ACD00D8DB97 /* G.wav */ = {isa = PBXFileReference; lastKnownFileType = audio.wav; path = G.wav; sourceTree = "<group>"; };
		F858A0BB27733ACD00D8DB97 /* C.wav */ = {isa = PBXFileReference; lastKnownFileType = audio.wav; path = C.wav; sourceTree = "<group>"; };
		F858A0BC27733ACD00D8DB97 /* E.wav */ = {isa = PBXFileReference; lastKnownFileType = audio.wav; path = E.wav; sourceTree = "<group>"; };
/* End PBXFileReference section */

/* Begin PBXFrameworksBuildPhase section */
		F858A07927732E0300D8DB97 /* Frameworks */ = {
			isa = PBXFrameworksBuildPhase;
			buildActionMask = 2147483647;
			files = (
			);
			runOnlyForDeploymentPostprocessing = 0;
		};
		F858A09227732E0600D8DB97 /* Frameworks */ = {
			isa = PBXFrameworksBuildPhase;
			buildActionMask = 2147483647;
			files = (
			);
			runOnlyForDeploymentPostprocessing = 0;
		};
		F858A09C27732E0600D8DB97 /* Frameworks */ = {
			isa = PBXFrameworksBuildPhase;
			buildActionMask = 2147483647;
			files = (
			);
			runOnlyForDeploymentPostprocessing = 0;
		};
/* End PBXFrameworksBuildPhase section */

/* Begin PBXGroup section */
		F858A07327732E0300D8DB97 = {
			isa = PBXGroup;
			children = (
				F858A07E27732E0300D8DB97 /* Xylophone */,
				F858A09827732E0600D8DB97 /* XylophoneTests */,
				F858A0A227732E0600D8DB97 /* XylophoneUITests */,
				F858A07D27732E0300D8DB97 /* Products */,
			);
			sourceTree = "<group>";
		};
		F858A07D27732E0300D8DB97 /* Products */ = {
			isa = PBXGroup;
			children = (
				F858A07C27732E0300D8DB97 /* Xylophone.app */,
				F858A09527732E0600D8DB97 /* XylophoneTests.xctest */,
				F858A09F27732E0600D8DB97 /* XylophoneUITests.xctest */,
			);
			name = Products;
			sourceTree = "<group>";
		};
		F858A07E27732E0300D8DB97 /* Xylophone */ = {
			isa = PBXGroup;
			children = (
				F858A0C527733AFB00D8DB97 /* Sounds */,
				F858A07F27732E0300D8DB97 /* AppDelegate.swift */,
				F858A08127732E0300D8DB97 /* SceneDelegate.swift */,
				F858A08327732E0300D8DB97 /* ViewController.swift */,
				F858A08527732E0300D8DB97 /* Main.storyboard */,
				F858A08B27732E0600D8DB97 /* Assets.xcassets */,
				F858A08D27732E0600D8DB97 /* LaunchScreen.storyboard */,
				F858A09027732E0600D8DB97 /* Info.plist */,
				F858A08827732E0300D8DB97 /* Xylophone.xcdatamodeld */,
			);
			path = Xylophone;
			sourceTree = "<group>";
		};
		F858A09827732E0600D8DB97 /* XylophoneTests */ = {
			isa = PBXGroup;
			children = (
				F858A09927732E0600D8DB97 /* XylophoneTests.swift */,
			);
			path = XylophoneTests;
			sourceTree = "<group>";
		};
		F858A0A227732E0600D8DB97 /* XylophoneUITests */ = {
			isa = PBXGroup;
			children = (
				F858A0A327732E0600D8DB97 /* XylophoneUITests.swift */,
				F858A0A527732E0600D8DB97 /* XylophoneUITestsLaunchTests.swift */,
			);
			path = XylophoneUITests;
			sourceTree = "<group>";
		};
		F858A0C527733AFB00D8DB97 /* Sounds */ = {
			isa = PBXGroup;
			children = (
				F858A0B827733ACD00D8DB97 /* A.wav */,
				F858A0B927733ACD00D8DB97 /* B.wav */,
				F858A0BB27733ACD00D8DB97 /* C.wav */,
				F858A0B627733ACD00D8DB97 /* D.wav */,
				F858A0BC27733ACD00D8DB97 /* E.wav */,
				F858A0B727733ACD00D8DB97 /* F.wav */,
				F858A0BA27733ACD00D8DB97 /* G.wav */,
			);
			path = Sounds;
			sourceTree = "<group>";
		};
/* End PBXGroup section */

/* Begin PBXNativeTarget section */
		F858A07B27732E0300D8DB97 /* Xylophone */ = {
			isa = PBXNativeTarget;
			buildConfigurationList = F858A0A927732E0600D8DB97 /* Build configuration list for PBXNativeTarget "Xylophone" */;
			buildPhases = (
				F858A07827732E0300D8DB97 /* Sources */,
				F858A07927732E0300D8DB97 /* Frameworks */,
				F858A07A27732E0300D8DB97 /* Resources */,
			);
			buildRules = (
			);
			dependencies = (
			);
			name = Xylophone;
			productName = Xylophone;
			productReference = F858A07C27732E0300D8DB97 /* Xylophone.app */;
			productType = "com.apple.product-type.application";
		};
		F858A09427732E0600D8DB97 /* XylophoneTests */ = {
			isa = PBXNativeTarget;
			buildConfigurationList = F858A0AC27732E0600D8DB97 /* Build configuration list for PBXNativeTarget "XylophoneTests" */;
			buildPhases = (
				F858A09127732E0600D8DB97 /* Sources */,
				F858A09227732E0600D8DB97 /* Frameworks */,
				F858A09327732E0600D8DB97 /* Resources */,
			);
			buildRules = (
			);
			dependencies = (
				F858A09727732E0600D8DB97 /* PBXTargetDependency */,
			);
			name = XylophoneTests;
			productName = XylophoneTests;
			productReference = F858A09527732E0600D8DB97 /* XylophoneTests.xctest */;
			productType = "com.apple.product-type.bundle.unit-test";
		};
		F858A09E27732E0600D8DB97 /* XylophoneUITests */ = {
			isa = PBXNativeTarget;
			buildConfigurationList = F858A0AF27732E0600D8DB97 /* Build configuration list for PBXNativeTarget "XylophoneUITests" */;
			buildPhases = (
				F858A09B27732E0600D8DB97 /* Sources */,
				F858A09C27732E0600D8DB97 /* Frameworks */,
				F858A09D27732E0600D8DB97 /* Resources */,
			);
			buildRules = (
			);
			dependencies = (
				F858A0A127732E0600D8DB97 /* PBXTargetDependency */,
			);
			name = XylophoneUITests;
			productName = XylophoneUITests;
			productReference = F858A09F27732E0600D8DB97 /* XylophoneUITests.xctest */;
			productType = "com.apple.product-type.bundle.ui-testing";
		};
/* End PBXNativeTarget section */

/* Begin PBXProject section */
		F858A07427732E0300D8DB97 /* Project object */ = {
			isa = PBXProject;
			attributes = {
				BuildIndependentTargetsInParallel = 1;
				LastSwiftUpdateCheck = 1320;
				LastUpgradeCheck = 1320;
				TargetAttributes = {
					F858A07B27732E0300D8DB97 = {
						CreatedOnToolsVersion = 13.2.1;
					};
					F858A09427732E0600D8DB97 = {
						CreatedOnToolsVersion = 13.2.1;
						TestTargetID = F858A07B27732E0300D8DB97;
					};
					F858A09E27732E0600D8DB97 = {
						CreatedOnToolsVersion = 13.2.1;
						TestTargetID = F858A07B27732E0300D8DB97;
					};
				};
			};
			buildConfigurationList = F858A07727732E0300D8DB97 /* Build configuration list for PBXProject "Xylophone" */;
			compatibilityVersion = "Xcode 13.0";
			developmentRegion = en;
			hasScannedForEncodings = 0;
			knownRegions = (
				en,
				Base,
			);
			mainGroup = F858A07327732E0300D8DB97;
			productRefGroup = F858A07D27732E0300D8DB97 /* Products */;
			projectDirPath = "";
			projectRoot = "";
			targets = (
				F858A07B27732E0300D8DB97 /* Xylophone */,
				F858A09427732E0600D8DB97 /* XylophoneTests */,
				F858A09E27732E0600D8DB97 /* XylophoneUITests */,
			);
		};
/* End PBXProject section */

/* Begin PBXResourcesBuildPhase section */
		F858A07A27732E0300D8DB97 /* Resources */ = {
			isa = PBXResourcesBuildPhase;
			buildActionMask = 2147483647;
			files = (
				F858A0C327733ACD00D8DB97 /* E.wav in Resources */,
				F858A0C127733ACD00D8DB97 /* G.wav in Resources */,
				F858A0BF27733ACD00D8DB97 /* A.wav in Resources */,
				F858A08F27732E0600D8DB97 /* LaunchScreen.storyboard in Resources */,
				F858A0C227733ACD00D8DB97 /* C.wav in Resources */,
				F858A0BD27733ACD00D8DB97 /* D.wav in Resources */,
				F858A0C027733ACD00D8DB97 /* B.wav in Resources */,
				F858A08C27732E0600D8DB97 /* Assets.xcassets in Resources */,
				F858A0BE27733ACD00D8DB97 /* F.wav in Resources */,
				F858A08727732E0300D8DB97 /* Main.storyboard in Resources */,
			);
			runOnlyForDeploymentPostprocessing = 0;
		};
		F858A09327732E0600D8DB97 /* Resources */ = {
			isa = PBXResourcesBuildPhase;
			buildActionMask = 2147483647;
			files = (
			);
			runOnlyForDeploymentPostprocessing = 0;
		};
		F858A09D27732E0600D8DB97 /* Resources */ = {
			isa = PBXResourcesBuildPhase;
			buildActionMask = 2147483647;
			files = (
			);
			runOnlyForDeploymentPostprocessing = 0;
		};
/* End PBXResourcesBuildPhase section */

/* Begin PBXSourcesBuildPhase section */
		F858A07827732E0300D8DB97 /* Sources */ = {
			isa = PBXSourcesBuildPhase;
			buildActionMask = 2147483647;
			files = (
				F858A08A27732E0300D8DB97 /* Xylophone.xcdatamodeld in Sources */,
				F858A08427732E0300D8DB97 /* ViewController.swift in Sources */,
				F858A08027732E0300D8DB97 /* AppDelegate.swift in Sources */,
				F858A08227732E0300D8DB97 /* SceneDelegate.swift in Sources */,
			);
			runOnlyForDeploymentPostprocessing = 0;
		};
		F858A09127732E0600D8DB97 /* Sources */ = {
			isa = PBXSourcesBuildPhase;
			buildActionMask = 2147483647;
			files = (
				F858A09A27732E0600D8DB97 /* XylophoneTests.swift in Sources */,
			);
			runOnlyForDeploymentPostprocessing = 0;
		};
		F858A09B27732E0600D8DB97 /* Sources */ = {
			isa = PBXSourcesBuildPhase;
			buildActionMask = 2147483647;
			files = (
				F858A0A427732E0600D8DB97 /* XylophoneUITests.swift in Sources */,
				F858A0A627732E0600D8DB97 /* XylophoneUITestsLaunchTests.swift in Sources */,
			);
			runOnlyForDeploymentPostprocessing = 0;
		};
/* End PBXSourcesBuildPhase section */

/* Begin PBXTargetDependency section */
		F858A09727732E0600D8DB97 /* PBXTargetDependency */ = {
			isa = PBXTargetDependency;
			target = F858A07B27732E0300D8DB97 /* Xylophone */;
			targetProxy = F858A09627732E0600D8DB97 /* PBXContainerItemProxy */;
		};
		F858A0A127732E0600D8DB97 /* PBXTargetDependency */ = {
			isa = PBXTargetDependency;
			target = F858A07B27732E0300D8DB97 /* Xylophone */;
			targetProxy = F858A0A027732E0600D8DB97 /* PBXContainerItemProxy */;
		};
/* End PBXTargetDependency section */

/* Begin PBXVariantGroup section */
		F858A08527732E0300D8DB97 /* Main.storyboard */ = {
			isa = PBXVariantGroup;
			children = (
				F858A08627732E0300D8DB97 /* Base */,
			);
			name = Main.storyboard;
			sourceTree = "<group>";
		};
		F858A08D27732E0600D8DB97 /* LaunchScreen.storyboard */ = {
			isa = PBXVariantGroup;
			children = (
				F858A08E27732E0600D8DB97 /* Base */,
			);
			name = LaunchScreen.storyboard;
			sourceTree = "<group>";
		};
/* End PBXVariantGroup section */

/* Begin XCBuildConfiguration section */
		F858A0A727732E0600D8DB97 /* Debug */ = {
			isa = XCBuildConfiguration;
			buildSettings = {
				ALWAYS_SEARCH_USER_PATHS = NO;
				CLANG_ANALYZER_NONNULL = YES;
				CLANG_ANALYZER_NUMBER_OBJECT_CONVERSION = YES_AGGRESSIVE;
				CLANG_CXX_LANGUAGE_STANDARD = "gnu++17";
				CLANG_CXX_LIBRARY = "libc++";
				CLANG_ENABLE_MODULES = YES;
				CLANG_ENABLE_OBJC_ARC = YES;
				CLANG_ENABLE_OBJC_WEAK = YES;
				CLANG_WARN_BLOCK_CAPTURE_AUTORELEASING = YES;
				CLANG_WARN_BOOL_CONVERSION = YES;
				CLANG_WARN_COMMA = YES;
				CLANG_WARN_CONSTANT_CONVERSION = YES;
				CLANG_WARN_DEPRECATED_OBJC_IMPLEMENTATIONS = YES;
				CLANG_WARN_DIRECT_OBJC_ISA_USAGE = YES_ERROR;
				CLANG_WARN_DOCUMENTATION_COMMENTS = YES;
				CLANG_WARN_EMPTY_BODY = YES;
				CLANG_WARN_ENUM_CONVERSION = YES;
				CLANG_WARN_INFINITE_RECURSION = YES;
				CLANG_WARN_INT_CONVERSION = YES;
				CLANG_WARN_NON_LITERAL_NULL_CONVERSION = YES;
				CLANG_WARN_OBJC_IMPLICIT_RETAIN_SELF = YES;
				CLANG_WARN_OBJC_LITERAL_CONVERSION = YES;
				CLANG_WARN_OBJC_ROOT_CLASS = YES_ERROR;
				CLANG_WARN_QUOTED_INCLUDE_IN_FRAMEWORK_HEADER = YES;
				CLANG_WARN_RANGE_LOOP_ANALYSIS = YES;
				CLANG_WARN_STRICT_PROTOTYPES = YES;
				CLANG_WARN_SUSPICIOUS_MOVE = YES;
				CLANG_WARN_UNGUARDED_AVAILABILITY = YES_AGGRESSIVE;
				CLANG_WARN_UNREACHABLE_CODE = YES;
				CLANG_WARN__DUPLICATE_METHOD_MATCH = YES;
				COPY_PHASE_STRIP = NO;
				DEBUG_INFORMATION_FORMAT = dwarf;
				ENABLE_STRICT_OBJC_MSGSEND = YES;
				ENABLE_TESTABILITY = YES;
				GCC_C_LANGUAGE_STANDARD = gnu11;
				GCC_DYNAMIC_NO_PIC = NO;
				GCC_NO_COMMON_BLOCKS = YES;
				GCC_OPTIMIZATION_LEVEL = 0;
				GCC_PREPROCESSOR_DEFINITIONS = (
					"DEBUG=1",
					"$(inherited)",
				);
				GCC_WARN_64_TO_32_BIT_CONVERSION = YES;
				GCC_WARN_ABOUT_RETURN_TYPE = YES_ERROR;
				GCC_WARN_UNDECLARED_SELECTOR = YES;
				GCC_WARN_UNINITIALIZED_AUTOS = YES_AGGRESSIVE;
				GCC_WARN_UNUSED_FUNCTION = YES;
				GCC_WARN_UNUSED_VARIABLE = YES;
				IPHONEOS_DEPLOYMENT_TARGET = 15.2;
				MTL_ENABLE_DEBUG_INFO = INCLUDE_SOURCE;
				MTL_FAST_MATH = YES;
				ONLY_ACTIVE_ARCH = YES;
				SDKROOT = iphoneos;
				SWIFT_ACTIVE_COMPILATION_CONDITIONS = DEBUG;
				SWIFT_OPTIMIZATION_LEVEL = "-Onone";
			};
			name = Debug;
		};
		F858A0A827732E0600D8DB97 /* Release */ = {
			isa = XCBuildConfiguration;
			buildSettings = {
				ALWAYS_SEARCH_USER_PATHS = NO;
				CLANG_ANALYZER_NONNULL = YES;
				CLANG_ANALYZER_NUMBER_OBJECT_CONVERSION = YES_AGGRESSIVE;
				CLANG_CXX_LANGUAGE_STANDARD = "gnu++17";
				CLANG_CXX_LIBRARY = "libc++";
				CLANG_ENABLE_MODULES = YES;
				CLANG_ENABLE_OBJC_ARC = YES;
				CLANG_ENABLE_OBJC_WEAK = YES;
				CLANG_WARN_BLOCK_CAPTURE_AUTORELEASING = YES;
				CLANG_WARN_BOOL_CONVERSION = YES;
				CLANG_WARN_COMMA = YES;
				CLANG_WARN_CONSTANT_CONVERSION = YES;
				CLANG_WARN_DEPRECATED_OBJC_IMPLEMENTATIONS = YES;
				CLANG_WARN_DIRECT_OBJC_ISA_USAGE = YES_ERROR;
				CLANG_WARN_DOCUMENTATION_COMMENTS = YES;
				CLANG_WARN_EMPTY_BODY = YES;
				CLANG_WARN_ENUM_CONVERSION = YES;
				CLANG_WARN_INFINITE_RECURSION = YES;
				CLANG_WARN_INT_CONVERSION = YES;
				CLANG_WARN_NON_LITERAL_NULL_CONVERSION = YES;
				CLANG_WARN_OBJC_IMPLICIT_RETAIN_SELF = YES;
				CLANG_WARN_OBJC_LITERAL_CONVERSION = YES;
				CLANG_WARN_OBJC_ROOT_CLASS = YES_ERROR;
				CLANG_WARN_QUOTED_INCLUDE_IN_FRAMEWORK_HEADER = YES;
				CLANG_WARN_RANGE_LOOP_ANALYSIS = YES;
				CLANG_WARN_STRICT_PROTOTYPES = YES;
				CLANG_WARN_SUSPICIOUS_MOVE = YES;
				CLANG_WARN_UNGUARDED_AVAILABILITY = YES_AGGRESSIVE;
				CLANG_WARN_UNREACHABLE_CODE = YES;
				CLANG_WARN__DUPLICATE_METHOD_MATCH = YES;
				COPY_PHASE_STRIP = NO;
				DEBUG_INFORMATION_FORMAT = "dwarf-with-dsym";
				ENABLE_NS_ASSERTIONS = NO;
				ENABLE_STRICT_OBJC_MSGSEND = YES;
				GCC_C_LANGUAGE_STANDARD = gnu11;
				GCC_NO_COMMON_BLOCKS = YES;
				GCC_WARN_64_TO_32_BIT_CONVERSION = YES;
				GCC_WARN_ABOUT_RETURN_TYPE = YES_ERROR;
				GCC_WARN_UNDECLARED_SELECTOR = YES;
				GCC_WARN_UNINITIALIZED_AUTOS = YES_AGGRESSIVE;
				GCC_WARN_UNUSED_FUNCTION = YES;
				GCC_WARN_UNUSED_VARIABLE = YES;
				IPHONEOS_DEPLOYMENT_TARGET = 15.2;
				MTL_ENABLE_DEBUG_INFO = NO;
				MTL_FAST_MATH = YES;
				SDKROOT = iphoneos;
				SWIFT_COMPILATION_MODE = wholemodule;
				SWIFT_OPTIMIZATION_LEVEL = "-O";
				VALIDATE_PRODUCT = YES;
			};
			name = Release;
		};
		F858A0AA27732E0600D8DB97 /* Debug */ = {
			isa = XCBuildConfiguration;
			buildSettings = {
				ASSETCATALOG_COMPILER_APPICON_NAME = AppIcon;
				ASSETCATALOG_COMPILER_GLOBAL_ACCENT_COLOR_NAME = AccentColor;
				CODE_SIGN_STYLE = Automatic;
				CURRENT_PROJECT_VERSION = 1;
				DEVELOPMENT_TEAM = KU6VSRF6VJ;
				GENERATE_INFOPLIST_FILE = YES;
				INFOPLIST_FILE = Xylophone/Info.plist;
				INFOPLIST_KEY_UIApplicationSupportsIndirectInputEvents = YES;
				INFOPLIST_KEY_UILaunchStoryboardName = LaunchScreen;
				INFOPLIST_KEY_UIMainStoryboardFile = Main;
				INFOPLIST_KEY_UISupportedInterfaceOrientations_iPad = "UIInterfaceOrientationPortrait UIInterfaceOrientationPortraitUpsideDown UIInterfaceOrientationLandscapeLeft UIInterfaceOrientationLandscapeRight";
				INFOPLIST_KEY_UISupportedInterfaceOrientations_iPhone = "UIInterfaceOrientationPortrait UIInterfaceOrientationLandscapeLeft UIInterfaceOrientationLandscapeRight";
				LD_RUNPATH_SEARCH_PATHS = (
					"$(inherited)",
					"@executable_path/Frameworks",
				);
				MARKETING_VERSION = 1.0;
				PRODUCT_BUNDLE_IDENTIFIER = com.ksamardzhiev.Xylophone;
				PRODUCT_NAME = "$(TARGET_NAME)";
				SWIFT_EMIT_LOC_STRINGS = YES;
				SWIFT_VERSION = 5.0;
				TARGETED_DEVICE_FAMILY = "1,2";
			};
			name = Debug;
		};
		F858A0AB27732E0600D8DB97 /* Release */ = {
			isa = XCBuildConfiguration;
			buildSettings = {
				ASSETCATALOG_COMPILER_APPICON_NAME = AppIcon;
				ASSETCATALOG_COMPILER_GLOBAL_ACCENT_COLOR_NAME = AccentColor;
				CODE_SIGN_STYLE = Automatic;
				CURRENT_PROJECT_VERSION = 1;
				DEVELOPMENT_TEAM = KU6VSRF6VJ;
				GENERATE_INFOPLIST_FILE = YES;
				INFOPLIST_FILE = Xylophone/Info.plist;
				INFOPLIST_KEY_UIApplicationSupportsIndirectInputEvents = YES;
				INFOPLIST_KEY_UILaunchStoryboardName = LaunchScreen;
				INFOPLIST_KEY_UIMainStoryboardFile = Main;
				INFOPLIST_KEY_UISupportedInterfaceOrientations_iPad = "UIInterfaceOrientationPortrait UIInterfaceOrientationPortraitUpsideDown UIInterfaceOrientationLandscapeLeft UIInterfaceOrientationLandscapeRight";
				INFOPLIST_KEY_UISupportedInterfaceOrientations_iPhone = "UIInterfaceOrientationPortrait UIInterfaceOrientationLandscapeLeft UIInterfaceOrientationLandscapeRight";
				LD_RUNPATH_SEARCH_PATHS = (
					"$(inherited)",
					"@executable_path/Frameworks",
				);
				MARKETING_VERSION = 1.0;
				PRODUCT_BUNDLE_IDENTIFIER = com.ksamardzhiev.Xylophone;
				PRODUCT_NAME = "$(TARGET_NAME)";
				SWIFT_EMIT_LOC_STRINGS = YES;
				SWIFT_VERSION = 5.0;
				TARGETED_DEVICE_FAMILY = "1,2";
			};
			name = Release;
		};
		F858A0AD27732E0600D8DB97 /* Debug */ = {
			isa = XCBuildConfiguration;
			buildSettings = {
				ALWAYS_EMBED_SWIFT_STANDARD_LIBRARIES = YES;
				BUNDLE_LOADER = "$(TEST_HOST)";
				CODE_SIGN_STYLE = Automatic;
				CURRENT_PROJECT_VERSION = 1;
				DEVELOPMENT_TEAM = KU6VSRF6VJ;
				GENERATE_INFOPLIST_FILE = YES;
				IPHONEOS_DEPLOYMENT_TARGET = 15.2;
				MARKETING_VERSION = 1.0;
				PRODUCT_BUNDLE_IDENTIFIER = com.ksamardzhiev.XylophoneTests;
				PRODUCT_NAME = "$(TARGET_NAME)";
				SWIFT_EMIT_LOC_STRINGS = NO;
				SWIFT_VERSION = 5.0;
				TARGETED_DEVICE_FAMILY = "1,2";
				TEST_HOST = "$(BUILT_PRODUCTS_DIR)/Xylophone.app/Xylophone";
			};
			name = Debug;
		};
		F858A0AE27732E0600D8DB97 /* Release */ = {
			isa = XCBuildConfiguration;
			buildSettings = {
				ALWAYS_EMBED_SWIFT_STANDARD_LIBRARIES = YES;
				BUNDLE_LOADER = "$(TEST_HOST)";
				CODE_SIGN_STYLE = Automatic;
				CURRENT_PROJECT_VERSION = 1;
				DEVELOPMENT_TEAM = KU6VSRF6VJ;
				GENERATE_INFOPLIST_FILE = YES;
				IPHONEOS_DEPLOYMENT_TARGET = 15.2;
				MARKETING_VERSION = 1.0;
				PRODUCT_BUNDLE_IDENTIFIER = com.ksamardzhiev.XylophoneTests;
				PRODUCT_NAME = "$(TARGET_NAME)";
				SWIFT_EMIT_LOC_STRINGS = NO;
				SWIFT_VERSION = 5.0;
				TARGETED_DEVICE_FAMILY = "1,2";
				TEST_HOST = "$(BUILT_PRODUCTS_DIR)/Xylophone.app/Xylophone";
			};
			name = Release;
		};
		F858A0B027732E0600D8DB97 /* Debug */ = {
			isa = XCBuildConfiguration;
			buildSettings = {
				ALWAYS_EMBED_SWIFT_STANDARD_LIBRARIES = YES;
				CODE_SIGN_STYLE = Automatic;
				CURRENT_PROJECT_VERSION = 1;
				DEVELOPMENT_TEAM = KU6VSRF6VJ;
				GENERATE_INFOPLIST_FILE = YES;
				MARKETING_VERSION = 1.0;
				PRODUCT_BUNDLE_IDENTIFIER = com.ksamardzhiev.XylophoneUITests;
				PRODUCT_NAME = "$(TARGET_NAME)";
				SWIFT_EMIT_LOC_STRINGS = NO;
				SWIFT_VERSION = 5.0;
				TARGETED_DEVICE_FAMILY = "1,2";
				TEST_TARGET_NAME = Xylophone;
			};
			name = Debug;
		};
		F858A0B127732E0600D8DB97 /* Release */ = {
			isa = XCBuildConfiguration;
			buildSettings = {
				ALWAYS_EMBED_SWIFT_STANDARD_LIBRARIES = YES;
				CODE_SIGN_STYLE = Automatic;
				CURRENT_PROJECT_VERSION = 1;
				DEVELOPMENT_TEAM = KU6VSRF6VJ;
				GENERATE_INFOPLIST_FILE = YES;
				MARKETING_VERSION = 1.0;
				PRODUCT_BUNDLE_IDENTIFIER = com.ksamardzhiev.XylophoneUITests;
				PRODUCT_NAME = "$(TARGET_NAME)";
				SWIFT_EMIT_LOC_STRINGS = NO;
				SWIFT_VERSION = 5.0;
				TARGETED_DEVICE_FAMILY = "1,2";
				TEST_TARGET_NAME = Xylophone;
			};
			name = Release;
		};
/* End XCBuildConfiguration section */

/* Begin XCConfigurationList section */
		F858A07727732E0300D8DB97 /* Build configuration list for PBXProject "Xylophone" */ = {
			isa = XCConfigurationList;
			buildConfigurations = (
				F858A0A727732E0600D8DB97 /* Debug */,
				F858A0A827732E0600D8DB97 /* Release */,
			);
			defaultConfigurationIsVisible = 0;
			defaultConfigurationName = Release;
		};
		F858A0A927732E0600D8DB97 /* Build configuration list for PBXNativeTarget "Xylophone" */ = {
			isa = XCConfigurationList;
			buildConfigurations = (
				F858A0AA27732E0600D8DB97 /* Debug */,
				F858A0AB27732E0600D8DB97 /* Release */,
			);
			defaultConfigurationIsVisible = 0;
			defaultConfigurationName = Release;
		};
		F858A0AC27732E0600D8DB97 /* Build configuration list for PBXNativeTarget "XylophoneTests" */ = {
			isa = XCConfigurationList;
			buildConfigurations = (
				F858A0AD27732E0600D8DB97 /* Debug */,
				F858A0AE27732E0600D8DB97 /* Release */,
			);
			defaultConfigurationIsVisible = 0;
			defaultConfigurationName = Release;
		};
		F858A0AF27732E0600D8DB97 /* Build configuration list for PBXNativeTarget "XylophoneUITests" */ = {
			isa = XCConfigurationList;
			buildConfigurations = (
				F858A0B027732E0600D8DB97 /* Debug */,
				F858A0B127732E0600D8DB97 /* Release */,
			);
			defaultConfigurationIsVisible = 0;
			defaultConfigurationName = Release;
		};
/* End XCConfigurationList section */

/* Begin XCVersionGroup section */
		F858A08827732E0300D8DB97 /* Xylophone.xcdatamodeld */ = {
			isa = XCVersionGroup;
			children = (
				F858A08927732E0300D8DB97 /* Xylophone.xcdatamodel */,
			);
			currentVersion = F858A08927732E0300D8DB97 /* Xylophone.xcdatamodel */;
			path = Xylophone.xcdatamodeld;
			sourceTree = "<group>";
			versionGroupType = wrapper.xcdatamodel;
		};
/* End XCVersionGroup section */
	};
	rootObject = F858A07427732E0300D8DB97 /* Project object */;
}
